// !$*UTF8*$!
{
	archiveVersion = 1;
	classes = {
	};
	objectVersion = 48;
	objects = {

/* Begin PBXBuildFile section */
		BB4C6ACF1F52CA9900CF9DB3 /* AppDelegate.swift in Sources */ = {isa = PBXBuildFile; fileRef = BB4C6ACE1F52CA9900CF9DB3 /* AppDelegate.swift */; };
		BB4C6AD11F52CA9900CF9DB3 /* ViewController.swift in Sources */ = {isa = PBXBuildFile; fileRef = BB4C6AD01F52CA9900CF9DB3 /* ViewController.swift */; };
		BB4C6AD41F52CA9900CF9DB3 /* Main.storyboard in Resources */ = {isa = PBXBuildFile; fileRef = BB4C6AD21F52CA9900CF9DB3 /* Main.storyboard */; };
		BB4C6AD71F52CA9900CF9DB3 /* DraggableMapTable.xcdatamodeld in Sources */ = {isa = PBXBuildFile; fileRef = BB4C6AD51F52CA9900CF9DB3 /* DraggableMapTable.xcdatamodeld */; };
		BB4C6AD91F52CA9900CF9DB3 /* Assets.xcassets in Resources */ = {isa = PBXBuildFile; fileRef = BB4C6AD81F52CA9900CF9DB3 /* Assets.xcassets */; };
		BB4C6ADC1F52CA9900CF9DB3 /* LaunchScreen.storyboard in Resources */ = {isa = PBXBuildFile; fileRef = BB4C6ADA1F52CA9900CF9DB3 /* LaunchScreen.storyboard */; };
		BB4C6AE41F52D73500CF9DB3 /* tabtop.png in Resources */ = {isa = PBXBuildFile; fileRef = BB4C6AE31F52D73500CF9DB3 /* tabtop.png */; };
/* End PBXBuildFile section */

/* Begin PBXFileReference section */
		BB4C6ACB1F52CA9900CF9DB3 /* DraggableMapTable.app */ = {isa = PBXFileReference; explicitFileType = wrapper.application; includeInIndex = 0; path = DraggableMapTable.app; sourceTree = BUILT_PRODUCTS_DIR; };
		BB4C6ACE1F52CA9900CF9DB3 /* AppDelegate.swift */ = {isa = PBXFileReference; lastKnownFileType = sourcecode.swift; path = AppDelegate.swift; sourceTree = "<group>"; };
		BB4C6AD01F52CA9900CF9DB3 /* ViewController.swift */ = {isa = PBXFileReference; lastKnownFileType = sourcecode.swift; path = ViewController.swift; sourceTree = "<group>"; };
		BB4C6AD31F52CA9900CF9DB3 /* Base */ = {isa = PBXFileReference; lastKnownFileType = file.storyboard; name = Base; path = Base.lproj/Main.storyboard; sourceTree = "<group>"; };
		BB4C6AD61F52CA9900CF9DB3 /* DraggableMapTable.xcdatamodel */ = {isa = PBXFileReference; lastKnownFileType = wrapper.xcdatamodel; path = DraggableMapTable.xcdatamodel; sourceTree = "<group>"; };
		BB4C6AD81F52CA9900CF9DB3 /* Assets.xcassets */ = {isa = PBXFileReference; lastKnownFileType = folder.assetcatalog; path = Assets.xcassets; sourceTree = "<group>"; };
		BB4C6ADB1F52CA9900CF9DB3 /* Base */ = {isa = PBXFileReference; lastKnownFileType = file.storyboard; name = Base; path = Base.lproj/LaunchScreen.storyboard; sourceTree = "<group>"; };
		BB4C6ADD1F52CA9900CF9DB3 /* Info.plist */ = {isa = PBXFileReference; lastKnownFileType = text.plist.xml; path = Info.plist; sourceTree = "<group>"; };
		BB4C6AE31F52D73500CF9DB3 /* tabtop.png */ = {isa = PBXFileReference; lastKnownFileType = image.png; path = tabtop.png; sourceTree = "<group>"; };
/* End PBXFileReference section */

/* Begin PBXFrameworksBuildPhase section */
		BB4C6AC81F52CA9900CF9DB3 /* Frameworks */ = {
			isa = PBXFrameworksBuildPhase;
			buildActionMask = 2147483647;
			files = (
			);
			runOnlyForDeploymentPostprocessing = 0;
		};
/* End PBXFrameworksBuildPhase section */

/* Begin PBXGroup section */
		BB4C6AC21F52CA9900CF9DB3 = {
			isa = PBXGroup;
			children = (
				BB4C6ACD1F52CA9900CF9DB3 /* DraggableMapTable */,
				BB4C6ACC1F52CA9900CF9DB3 /* Products */,
			);
			sourceTree = "<group>";
		};
		BB4C6ACC1F52CA9900CF9DB3 /* Products */ = {
			isa = PBXGroup;
			children = (
				BB4C6ACB1F52CA9900CF9DB3 /* DraggableMapTable.app */,
			);
			name = Products;
			sourceTree = "<group>";
		};
		BB4C6ACD1F52CA9900CF9DB3 /* DraggableMapTable */ = {
			isa = PBXGroup;
			children = (
				BB4C6ACE1F52CA9900CF9DB3 /* AppDelegate.swift */,
				BB4C6AD01F52CA9900CF9DB3 /* ViewController.swift */,
				BB4C6AD21F52CA9900CF9DB3 /* Main.storyboard */,
				BB4C6AE31F52D73500CF9DB3 /* tabtop.png */,
				BB4C6AD81F52CA9900CF9DB3 /* Assets.xcassets */,
				BB4C6ADA1F52CA9900CF9DB3 /* LaunchScreen.storyboard */,
				BB4C6ADD1F52CA9900CF9DB3 /* Info.plist */,
				BB4C6AD51F52CA9900CF9DB3 /* DraggableMapTable.xcdatamodeld */,
			);
			path = DraggableMapTable;
			sourceTree = "<group>";
		};
/* End PBXGroup section */

/* Begin PBXNativeTarget section */
		BB4C6ACA1F52CA9900CF9DB3 /* DraggableMapTable */ = {
			isa = PBXNativeTarget;
			buildConfigurationList = BB4C6AE01F52CA9900CF9DB3 /* Build configuration list for PBXNativeTarget "DraggableMapTable" */;
			buildPhases = (
				BB4C6AC71F52CA9900CF9DB3 /* Sources */,
				BB4C6AC81F52CA9900CF9DB3 /* Frameworks */,
				BB4C6AC91F52CA9900CF9DB3 /* Resources */,
			);
			buildRules = (
			);
			dependencies = (
			);
			name = DraggableMapTable;
			productName = DraggableMapTable;
			productReference = BB4C6ACB1F52CA9900CF9DB3 /* DraggableMapTable.app */;
			productType = "com.apple.product-type.application";
		};
/* End PBXNativeTarget section */

/* Begin PBXProject section */
		BB4C6AC31F52CA9900CF9DB3 /* Project object */ = {
			isa = PBXProject;
			attributes = {
				LastSwiftUpdateCheck = 0900;
				LastUpgradeCheck = 0900;
				ORGANIZATIONNAME = "Paul Wilkinson";
				TargetAttributes = {
					BB4C6ACA1F52CA9900CF9DB3 = {
						CreatedOnToolsVersion = 9.0;
					};
				};
			};
			buildConfigurationList = BB4C6AC61F52CA9900CF9DB3 /* Build configuration list for PBXProject "DraggableMapTable" */;
			compatibilityVersion = "Xcode 8.0";
			developmentRegion = en;
			hasScannedForEncodings = 0;
			knownRegions = (
				en,
				Base,
			);
			mainGroup = BB4C6AC21F52CA9900CF9DB3;
			productRefGroup = BB4C6ACC1F52CA9900CF9DB3 /* Products */;
			projectDirPath = "";
			projectRoot = "";
			targets = (
				BB4C6ACA1F52CA9900CF9DB3 /* DraggableMapTable */,
			);
		};
/* End PBXProject section */

/* Begin PBXResourcesBuildPhase section */
		BB4C6AC91F52CA9900CF9DB3 /* Resources */ = {
			isa = PBXResourcesBuildPhase;
			buildActionMask = 2147483647;
			files = (
				BB4C6ADC1F52CA9900CF9DB3 /* LaunchScreen.storyboard in Resources */,
				BB4C6AD91F52CA9900CF9DB3 /* Assets.xcassets in Resources */,
				BB4C6AD41F52CA9900CF9DB3 /* Main.storyboard in Resources */,
				BB4C6AE41F52D73500CF9DB3 /* tabtop.png in Resources */,
			);
			runOnlyForDeploymentPostprocessing = 0;
		};
/* End PBXResourcesBuildPhase section */

/* Begin PBXSourcesBuildPhase section */
		BB4C6AC71F52CA9900CF9DB3 /* Sources */ = {
			isa = PBXSourcesBuildPhase;
			buildActionMask = 2147483647;
			files = (
				BB4C6AD71F52CA9900CF9DB3 /* DraggableMapTable.xcdatamodeld in Sources */,
				BB4C6AD11F52CA9900CF9DB3 /* ViewController.swift in Sources */,
				BB4C6ACF1F52CA9900CF9DB3 /* AppDelegate.swift in Sources */,
			);
			runOnlyForDeploymentPostprocessing = 0;
		};
/* End PBXSourcesBuildPhase section */

/* Begin PBXVariantGroup section */
		BB4C6AD21F52CA9900CF9DB3 /* Main.storyboard */ = {
			isa = PBXVariantGroup;
			children = (
				BB4C6AD31F52CA9900CF9DB3 /* Base */,
			);
			name = Main.storyboard;
			sourceTree = "<group>";
		};
		BB4C6ADA1F52CA9900CF9DB3 /* LaunchScreen.storyboard */ = {
			isa = PBXVariantGroup;
			children = (
				BB4C6ADB1F52CA9900CF9DB3 /* Base */,
			);
			name = LaunchScreen.storyboard;
			sourceTree = "<group>";
		};
/* End PBXVariantGroup section */

/* Begin XCBuildConfiguration section */
		BB4C6ADE1F52CA9900CF9DB3 /* Debug */ = {
			isa = XCBuildConfiguration;
			buildSettings = {
				ALWAYS_SEARCH_USER_PATHS = NO;
				CLANG_ANALYZER_NONNULL = YES;
				CLANG_ANALYZER_NUMBER_OBJECT_CONVERSION = YES_AGGRESSIVE;
				CLANG_CXX_LANGUAGE_STANDARD = "gnu++14";
				CLANG_CXX_LIBRARY = "libc++";
				CLANG_ENABLE_MODULES = YES;
				CLANG_ENABLE_OBJC_ARC = YES;
				CLANG_WARN_BLOCK_CAPTURE_AUTORELEASING = YES;
				CLANG_WARN_BOOL_CONVERSION = YES;
				CLANG_WARN_COMMA = YES;
				CLANG_WARN_CONSTANT_CONVERSION = YES;
				CLANG_WARN_DIRECT_OBJC_ISA_USAGE = YES_ERROR;
				CLANG_WARN_DOCUMENTATION_COMMENTS = YES;
				CLANG_WARN_EMPTY_BODY = YES;
				CLANG_WARN_ENUM_CONVERSION = YES;
				CLANG_WARN_INFINITE_RECURSION = YES;
				CLANG_WARN_INT_CONVERSION = YES;
				CLANG_WARN_NON_LITERAL_NULL_CONVERSION = YES;
				CLANG_WARN_OBJC_LITERAL_CONVERSION = YES;
				CLANG_WARN_OBJC_ROOT_CLASS = YES_ERROR;
				CLANG_WARN_RANGE_LOOP_ANALYSIS = YES;
				CLANG_WARN_STRICT_PROTOTYPES = YES;
				CLANG_WARN_SUSPICIOUS_MOVE = YES;
				CLANG_WARN_UNGUARDED_AVAILABILITY = YES_AGGRESSIVE;
				CLANG_WARN_UNREACHABLE_CODE = YES;
				CLANG_WARN__DUPLICATE_METHOD_MATCH = YES;
				CODE_SIGN_IDENTITY = "iPhone Developer";
				COPY_PHASE_STRIP = NO;
				DEBUG_INFORMATION_FORMAT = dwarf;
				ENABLE_STRICT_OBJC_MSGSEND = YES;
				ENABLE_TESTABILITY = YES;
				GCC_C_LANGUAGE_STANDARD = gnu11;
				GCC_DYNAMIC_NO_PIC = NO;
				GCC_NO_COMMON_BLOCKS = YES;
				GCC_OPTIMIZATION_LEVEL = 0;
				GCC_PREPROCESSOR_DEFINITIONS = (
					"DEBUG=1",
					"$(inherited)",
				);
				GCC_WARN_64_TO_32_BIT_CONVERSION = YES;
				GCC_WARN_ABOUT_RETURN_TYPE = YES_ERROR;
				GCC_WARN_UNDECLARED_SELECTOR = YES;
				GCC_WARN_UNINITIALIZED_AUTOS = YES_AGGRESSIVE;
				GCC_WARN_UNUSED_FUNCTION = YES;
				GCC_WARN_UNUSED_VARIABLE = YES;
				IPHONEOS_DEPLOYMENT_TARGET = 11.0;
				MTL_ENABLE_DEBUG_INFO = YES;
				ONLY_ACTIVE_ARCH = YES;
				SDKROOT = iphoneos;
				SWIFT_ACTIVE_COMPILATION_CONDITIONS = DEBUG;
				SWIFT_OPTIMIZATION_LEVEL = "-Onone";
			};
			name = Debug;
		};
		BB4C6ADF1F52CA9900CF9DB3 /* Release */ = {
			isa = XCBuildConfiguration;
			buildSettings = {
				ALWAYS_SEARCH_USER_PATHS = NO;
				CLANG_ANALYZER_NONNULL = YES;
				CLANG_ANALYZER_NUMBER_OBJECT_CONVERSION = YES_AGGRESSIVE;
				CLANG_CXX_LANGUAGE_STANDARD = "gnu++14";
				CLANG_CXX_LIBRARY = "libc++";
				CLANG_ENABLE_MODULES = YES;
				CLANG_ENABLE_OBJC_ARC = YES;
				CLANG_WARN_BLOCK_CAPTURE_AUTORELEASING = YES;
				CLANG_WARN_BOOL_CONVERSION = YES;
				CLANG_WARN_COMMA = YES;
				CLANG_WARN_CONSTANT_CONVERSION = YES;
				CLANG_WARN_DIRECT_OBJC_ISA_USAGE = YES_ERROR;
				CLANG_WARN_DOCUMENTATION_COMMENTS = YES;
				CLANG_WARN_EMPTY_BODY = YES;
				CLANG_WARN_ENUM_CONVERSION = YES;
				CLANG_WARN_INFINITE_RECURSION = YES;
				CLANG_WARN_INT_CONVERSION = YES;
				CLANG_WARN_NON_LITERAL_NULL_CONVERSION = YES;
				CLANG_WARN_OBJC_LITERAL_CONVERSION = YES;
				CLANG_WARN_OBJC_ROOT_CLASS = YES_ERROR;
				CLANG_WARN_RANGE_LOOP_ANALYSIS = YES;
				CLANG_WARN_STRICT_PROTOTYPES = YES;
				CLANG_WARN_SUSPICIOUS_MOVE = YES;
				CLANG_WARN_UNGUARDED_AVAILABILITY = YES_AGGRESSIVE;
				CLANG_WARN_UNREACHABLE_CODE = YES;
				CLANG_WARN__DUPLICATE_METHOD_MATCH = YES;
				CODE_SIGN_IDENTITY = "iPhone Developer";
				COPY_PHASE_STRIP = NO;
				DEBUG_INFORMATION_FORMAT = "dwarf-with-dsym";
				ENABLE_NS_ASSERTIONS = NO;
				ENABLE_STRICT_OBJC_MSGSEND = YES;
				GCC_C_LANGUAGE_STANDARD = gnu11;
				GCC_NO_COMMON_BLOCKS = YES;
				GCC_WARN_64_TO_32_BIT_CONVERSION = YES;
				GCC_WARN_ABOUT_RETURN_TYPE = YES_ERROR;
				GCC_WARN_UNDECLARED_SELECTOR = YES;
				GCC_WARN_UNINITIALIZED_AUTOS = YES_AGGRESSIVE;
				GCC_WARN_UNUSED_FUNCTION = YES;
				GCC_WARN_UNUSED_VARIABLE = YES;
				IPHONEOS_DEPLOYMENT_TARGET = 11.0;
				MTL_ENABLE_DEBUG_INFO = NO;
				SDKROOT = iphoneos;
				SWIFT_OPTIMIZATION_LEVEL = "-Owholemodule";
				VALIDATE_PRODUCT = YES;
			};
			name = Release;
		};
		BB4C6AE11F52CA9900CF9DB3 /* Debug */ = {
			isa = XCBuildConfiguration;
			buildSettings = {
				ASSETCATALOG_COMPILER_APPICON_NAME = AppIcon;
				DEVELOPMENT_TEAM = UPP93EJ3U2;
				INFOPLIST_FILE = DraggableMapTable/Info.plist;
				LD_RUNPATH_SEARCH_PATHS = "$(inherited) @executable_path/Frameworks";
				PRODUCT_BUNDLE_IDENTIFIER = me.wilko.DraggableMapTable;
				PRODUCT_NAME = "$(TARGET_NAME)";
				SWIFT_VERSION = 4.0;
				TARGETED_DEVICE_FAMILY = "1,2";
			};
			name = Debug;
		};
		BB4C6AE21F52CA9900CF9DB3 /* Release */ = {
			isa = XCBuildConfiguration;
			buildSettings = {
				ASSETCATALOG_COMPILER_APPICON_NAME = AppIcon;
				DEVELOPMENT_TEAM = UPP93EJ3U2;
				INFOPLIST_FILE = DraggableMapTable/Info.plist;
				LD_RUNPATH_SEARCH_PATHS = "$(inherited) @executable_path/Frameworks";
				PRODUCT_BUNDLE_IDENTIFIER = me.wilko.DraggableMapTable;
				PRODUCT_NAME = "$(TARGET_NAME)";
				SWIFT_VERSION = 4.0;
				TARGETED_DEVICE_FAMILY = "1,2";
			};
			name = Release;
		};
/* End XCBuildConfiguration section */

/* Begin XCConfigurationList section */
		BB4C6AC61F52CA9900CF9DB3 /* Build configuration list for PBXProject "DraggableMapTable" */ = {
			isa = XCConfigurationList;
			buildConfigurations = (
				BB4C6ADE1F52CA9900CF9DB3 /* Debug */,
				BB4C6ADF1F52CA9900CF9DB3 /* Release */,
			);
			defaultConfigurationIsVisible = 0;
			defaultConfigurationName = Release;
		};
		BB4C6AE01F52CA9900CF9DB3 /* Build configuration list for PBXNativeTarget "DraggableMapTable" */ = {
			isa = XCConfigurationList;
			buildConfigurations = (
				BB4C6AE11F52CA9900CF9DB3 /* Debug */,
				BB4C6AE21F52CA9900CF9DB3 /* Release */,
			);
			defaultConfigurationIsVisible = 0;
			defaultConfigurationName = Release;
		};
/* End XCConfigurationList section */

/* Begin XCVersionGroup section */
		BB4C6AD51F52CA9900CF9DB3 /* DraggableMapTable.xcdatamodeld */ = {
			isa = XCVersionGroup;
			children = (
				BB4C6AD61F52CA9900CF9DB3 /* DraggableMapTable.xcdatamodel */,
			);
			currentVersion = BB4C6AD61F52CA9900CF9DB3 /* DraggableMapTable.xcdatamodel */;
			path = DraggableMapTable.xcdatamodeld;
			sourceTree = "<group>";
			versionGroupType = wrapper.xcdatamodel;
		};
/* End XCVersionGroup section */
	};
	rootObject = BB4C6AC31F52CA9900CF9DB3 /* Project object */;
}
